
Microsoft Visual Studio Solution File, Format Version 11.00
# Visual Studio 2010
Project("{8BC9CEB8-8B4A-11D0-8D11-00A0C91BC942}") = "runairport", "runairport\runairport.vcxproj", "{E2FA403B-3286-487E-A737-5ADB74B879A3}"
	ProjectSection(ProjectDependencies) = postProject
		{3782ECA8-9220-4BC3-92CA-D14D77A7A84F} = {3782ECA8-9220-4BC3-92CA-D14D77A7A84F}
	EndProjectSection
EndProject
Project("{8BC9CEB8-8B4A-11D0-8D11-00A0C91BC942}") = "ogrelite", "ogrelite\ogrelite.vcxproj", "{3782ECA8-9220-4BC3-92CA-D14D77A7A84F}"
EndProject
Project("{8BC9CEB8-8B4A-11D0-8D11-00A0C91BC942}") = "libredwg", "libredwg\libredwg.vcxproj", "{EE181965-2F5B-4E81-AEA2-C2BA1B709D2B}"
EndProject
Global
	GlobalSection(SolutionConfigurationPlatforms) = preSolution
		Debug|Win32 = Debug|Win32
		Release|Win32 = Release|Win32
	EndGlobalSection
	GlobalSection(ProjectConfigurationPlatforms) = postSolution
		{E2FA403B-3286-487E-A737-5ADB74B879A3}.Debug|Win32.ActiveCfg = Debug|Win32
		{E2FA403B-3286-487E-A737-5ADB74B879A3}.Debug|Win32.Build.0 = Debug|Win32
		{E2FA403B-3286-487E-A737-5ADB74B879A3}.Release|Win32.ActiveCfg = Release|Win32
		{E2FA403B-3286-487E-A737-5ADB74B879A3}.Release|Win32.Build.0 = Release|Win32
		{3782ECA8-9220-4BC3-92CA-D14D77A7A84F}.Debug|Win32.ActiveCfg = Debug|Win32
		{3782ECA8-9220-4BC3-92CA-D14D77A7A84F}.Debug|Win32.Build.0 = Debug|Win32
		{3782ECA8-9220-4BC3-92CA-D14D77A7A84F}.Release|Win32.ActiveCfg = Release|Win32
		{3782ECA8-9220-4BC3-92CA-D14D77A7A84F}.Release|Win32.Build.0 = Release|Win32
		{EE181965-2F5B-4E81-AEA2-C2BA1B709D2B}.Debug|Win32.ActiveCfg = Debug|Win32
		{EE181965-2F5B-4E81-AEA2-C2BA1B709D2B}.Debug|Win32.Build.0 = Debug|Win32
		{EE181965-2F5B-4E81-AEA2-C2BA1B709D2B}.Release|Win32.ActiveCfg = Release|Win32
		{EE181965-2F5B-4E81-AEA2-C2BA1B709D2B}.Release|Win32.Build.0 = Release|Win32
	EndGlobalSection
	GlobalSection(SolutionProperties) = preSolution
		HideSolutionNode = FALSE
	EndGlobalSection
EndGlobal
