
Microsoft Visual Studio Solution File, Format Version 11.00
# Visual Studio 2010
Project("{8BC9CEB8-8B4A-11D0-8D11-00A0C91BC942}") = "core", "core\core.vcxproj", "{60F3E23F-7A9D-4BF4-BD90-058C02CA1798}"
EndProject
Project("{8BC9CEB8-8B4A-11D0-8D11-00A0C91BC942}") = "t", "..\test\t\t.vcxproj", "{8A42AEAA-C85D-415B-95F9-DE42BCFAFB17}"
	ProjectSection(ProjectDependencies) = postProject
		{60F3E23F-7A9D-4BF4-BD90-058C02CA1798} = {60F3E23F-7A9D-4BF4-BD90-058C02CA1798}
	EndProjectSection
EndProject
Global
	GlobalSection(SolutionConfigurationPlatforms) = preSolution
		Debug|Win32 = Debug|Win32
		Release|Win32 = Release|Win32
	EndGlobalSection
	GlobalSection(ProjectConfigurationPlatforms) = postSolution
		{60F3E23F-7A9D-4BF4-BD90-058C02CA1798}.Debug|Win32.ActiveCfg = Debug|Win32
		{60F3E23F-7A9D-4BF4-BD90-058C02CA1798}.Debug|Win32.Build.0 = Debug|Win32
		{60F3E23F-7A9D-4BF4-BD90-058C02CA1798}.Release|Win32.ActiveCfg = Release|Win32
		{60F3E23F-7A9D-4BF4-BD90-058C02CA1798}.Release|Win32.Build.0 = Release|Win32
		{8A42AEAA-C85D-415B-95F9-DE42BCFAFB17}.Debug|Win32.ActiveCfg = Debug|Win32
		{8A42AEAA-C85D-415B-95F9-DE42BCFAFB17}.Debug|Win32.Build.0 = Debug|Win32
		{8A42AEAA-C85D-415B-95F9-DE42BCFAFB17}.Release|Win32.ActiveCfg = Release|Win32
		{8A42AEAA-C85D-415B-95F9-DE42BCFAFB17}.Release|Win32.Build.0 = Release|Win32
	EndGlobalSection
	GlobalSection(SolutionProperties) = preSolution
		HideSolutionNode = FALSE
	EndGlobalSection
EndGlobal
