<?xml version="1.0" encoding="utf-8"?>
<Project ToolsVersion="4.0" xmlns="http://schemas.microsoft.com/developer/msbuild/2003">
  <ItemGroup>
    <None Include="ReadMe.txt" />
  </ItemGroup>
  <ItemGroup>
    <Filter Include="applayer">
      <UniqueIdentifier>{8dfd8c03-590b-4c20-a6f9-b98b461d9967}</UniqueIdentifier>
    </Filter>
    <Filter Include="devicelayer">
      <UniqueIdentifier>{1951bf95-881c-407e-912d-2c2773ffa60e}</UniqueIdentifier>
    </Filter>
    <Filter Include="devicelayer\opengl">
      <UniqueIdentifier>{0bd714b4-576f-4a20-81ab-6d57f62c1bad}</UniqueIdentifier>
    </Filter>
    <Filter Include="devicelayer\directx9">
      <UniqueIdentifier>{35886e67-904a-4cdd-806e-afbf8f437a83}</UniqueIdentifier>
    </Filter>
  </ItemGroup>
  <ItemGroup>
    <ClCompile Include="RenderViewportPass.cpp" />
    <ClCompile Include="glRenderWindow.cpp" />
  </ItemGroup>
  <ItemGroup>
    <ClInclude Include="RenderViewportPass.h" />
    <ClInclude Include="ogrelitePrefix.h" />
    <ClInclude Include="ogreliteptr.h" />
    <ClInclude Include="glRenderWindow.h" />
  </ItemGroup>
</Project>