
Microsoft Visual Studio Solution File, Format Version 11.00
# Visual Studio 2010
Project("{8BC9CEB8-8B4A-11D0-8D11-00A0C91BC942}") = "libredwg", "libredwg.vcxproj", "{EE181965-2F5B-4E81-AEA2-C2BA1B709D2B}"
EndProject
Project("{8BC9CEB8-8B4A-11D0-8D11-00A0C91BC942}") = "readDwg", "..\readDwg\readDwg.vcxproj", "{B27483C7-E3D4-494B-80C0-D231D0657F40}"
	ProjectSection(ProjectDependencies) = postProject
		{EE181965-2F5B-4E81-AEA2-C2BA1B709D2B} = {EE181965-2F5B-4E81-AEA2-C2BA1B709D2B}
	EndProjectSection
EndProject
Global
	GlobalSection(SolutionConfigurationPlatforms) = preSolution
		Debug|Win32 = Debug|Win32
		Release|Win32 = Release|Win32
	EndGlobalSection
	GlobalSection(ProjectConfigurationPlatforms) = postSolution
		{EE181965-2F5B-4E81-AEA2-C2BA1B709D2B}.Debug|Win32.ActiveCfg = Debug|Win32
		{EE181965-2F5B-4E81-AEA2-C2BA1B709D2B}.Debug|Win32.Build.0 = Debug|Win32
		{EE181965-2F5B-4E81-AEA2-C2BA1B709D2B}.Release|Win32.ActiveCfg = Release|Win32
		{EE181965-2F5B-4E81-AEA2-C2BA1B709D2B}.Release|Win32.Build.0 = Release|Win32
		{B27483C7-E3D4-494B-80C0-D231D0657F40}.Debug|Win32.ActiveCfg = Debug|Win32
		{B27483C7-E3D4-494B-80C0-D231D0657F40}.Debug|Win32.Build.0 = Debug|Win32
		{B27483C7-E3D4-494B-80C0-D231D0657F40}.Release|Win32.ActiveCfg = Release|Win32
		{B27483C7-E3D4-494B-80C0-D231D0657F40}.Release|Win32.Build.0 = Release|Win32
	EndGlobalSection
	GlobalSection(SolutionProperties) = preSolution
		HideSolutionNode = FALSE
	EndGlobalSection
EndGlobal
